
Microsoft Visual Studio Solution File, Format Version 12.00
# Visual Studio Version 17
VisualStudioVersion = 17.3.32922.545
MinimumVisualStudioVersion = 10.0.40219.1
Project("{9A19103F-16F7-4668-BE54-9A1E7A4F7556}") = "MergeSortConsole", "MergeSort\MergeSortConsole.csproj", "{0AB6DF1D-C25F-4A19-80D9-9B9EBB8EF52F}"
EndProject
Global
	GlobalSection(SolutionConfigurationPlatforms) = preSolution
		Debug|Any CPU = Debug|Any CPU
		Release|Any CPU = Release|Any CPU
	EndGlobalSection
	GlobalSection(ProjectConfigurationPlatforms) = postSolution
		{0AB6DF1D-C25F-4A19-80D9-9B9EBB8EF52F}.Debug|Any CPU.ActiveCfg = Debug|Any CPU
		{0AB6DF1D-C25F-4A19-80D9-9B9EBB8EF52F}.Debug|Any CPU.Build.0 = Debug|Any CPU
		{0AB6DF1D-C25F-4A19-80D9-9B9EBB8EF52F}.Release|Any CPU.ActiveCfg = Release|Any CPU
		{0AB6DF1D-C25F-4A19-80D9-9B9EBB8EF52F}.Release|Any CPU.Build.0 = Release|Any CPU
	EndGlobalSection
	GlobalSection(SolutionProperties) = preSolution
		HideSolutionNode = FALSE
	EndGlobalSection
	GlobalSection(ExtensibilityGlobals) = postSolution
		SolutionGuid = {B5C4937B-25CC-4B8F-AB0D-47C478A5B3CF}
	EndGlobalSection
EndGlobal
